Microsoft Visual Studio Solution File, Format Version 12.00
Project("{FAE04EC0-301F-11D3-BF4B-00C04F79EFBC}") = "VoiceRecognition", "VoiceRecognition.csproj", "{AF25AA4B-67FA-49F7-AC40-7C123ED21496}"
EndProject
Global
	GlobalSection(SolutionConfigurationPlatforms) = preSolution
		Debug|Any CPU = Debug|Any CPU
		Release|Any CPU = Release|Any CPU
	EndGlobalSection
	GlobalSection(ProjectConfigurationPlatforms) = postSolution
		{AF25AA4B-67FA-49F7-AC40-7C123ED21496}.Debug|Any CPU.ActiveCfg = Debug|Any CPU
		{AF25AA4B-67FA-49F7-AC40-7C123ED21496}.Debug|Any CPU.Build.0 = Debug|Any CPU
		{AF25AA4B-67FA-49F7-AC40-7C123ED21496}.Release|Any CPU.ActiveCfg = Release|Any CPU
		{AF25AA4B-67FA-49F7-AC40-7C123ED21496}.Release|Any CPU.Build.0 = Release|Any CPU
	EndGlobalSection
EndGlobal
